
Microsoft Visual Studio Solution File, Format Version 12.00
# Visual Studio 15
VisualStudioVersion = 15.0.26403.7
MinimumVisualStudioVersion = 10.0.40219.1
Project("{FAE04EC0-301F-11D3-BF4B-00C04F79EFBC}") = "think_Test", "think_Test\think_Test.csproj", "{FA8603B8-7164-4883-B800-C8E6D1B7400E}"
EndProject
Project("{FAE04EC0-301F-11D3-BF4B-00C04F79EFBC}") = "test002快捷键使用", "test002快捷键使用\test002快捷键使用.csproj", "{B443D00A-0FEF-4F09-A06D-437ECEBF0BB7}"
EndProject
Global
	GlobalSection(SolutionConfigurationPlatforms) = preSolution
		Debug|Any CPU = Debug|Any CPU
		Release|Any CPU = Release|Any CPU
	EndGlobalSection
	GlobalSection(ProjectConfigurationPlatforms) = postSolution
		{FA8603B8-7164-4883-B800-C8E6D1B7400E}.Debug|Any CPU.ActiveCfg = Debug|Any CPU
		{FA8603B8-7164-4883-B800-C8E6D1B7400E}.Debug|Any CPU.Build.0 = Debug|Any CPU
		{FA8603B8-7164-4883-B800-C8E6D1B7400E}.Release|Any CPU.ActiveCfg = Release|Any CPU
		{FA8603B8-7164-4883-B800-C8E6D1B7400E}.Release|Any CPU.Build.0 = Release|Any CPU
		{B443D00A-0FEF-4F09-A06D-437ECEBF0BB7}.Debug|Any CPU.ActiveCfg = Debug|Any CPU
		{B443D00A-0FEF-4F09-A06D-437ECEBF0BB7}.Debug|Any CPU.Build.0 = Debug|Any CPU
		{B443D00A-0FEF-4F09-A06D-437ECEBF0BB7}.Release|Any CPU.ActiveCfg = Release|Any CPU
		{B443D00A-0FEF-4F09-A06D-437ECEBF0BB7}.Release|Any CPU.Build.0 = Release|Any CPU
	EndGlobalSection
	GlobalSection(SolutionProperties) = preSolution
		HideSolutionNode = FALSE
	EndGlobalSection
EndGlobal
